
Microsoft Visual Studio Solution File, Format Version 12.00
# Visual Studio Version 16
VisualStudioVersion = 16.0.31624.102
MinimumVisualStudioVersion = 10.0.40219.1
Project("{FAE04EC0-301F-11D3-BF4B-00C04F79EFBC}") = "Contacts2", "Contacts2.csproj", "{F9094270-4995-426C-B681-F5FF8D63BFA2}"
EndProject
Global
	GlobalSection(SolutionConfigurationPlatforms) = preSolution
		Debug|Any CPU = Debug|Any CPU
		Release|Any CPU = Release|Any CPU
	EndGlobalSection
	GlobalSection(ProjectConfigurationPlatforms) = postSolution
		{F9094270-4995-426C-B681-F5FF8D63BFA2}.Debug|Any CPU.ActiveCfg = Debug|Any CPU
		{F9094270-4995-426C-B681-F5FF8D63BFA2}.Debug|Any CPU.Build.0 = Debug|Any CPU
		{F9094270-4995-426C-B681-F5FF8D63BFA2}.Release|Any CPU.ActiveCfg = Release|Any CPU
		{F9094270-4995-426C-B681-F5FF8D63BFA2}.Release|Any CPU.Build.0 = Release|Any CPU
	EndGlobalSection
	GlobalSection(SolutionProperties) = preSolution
		HideSolutionNode = FALSE
	EndGlobalSection
	GlobalSection(ExtensibilityGlobals) = postSolution
		SolutionGuid = {8210AFFD-C552-4FD8-9BFB-8247A84E0691}
	EndGlobalSection
EndGlobal
